
Microsoft Visual Studio Solution File, Format Version 12.00
# Visual Studio Version 16
VisualStudioVersion = 16.0.30711.63
MinimumVisualStudioVersion = 10.0.40219.1
Project("{FAE04EC0-301F-11D3-BF4B-00C04F79EFBC}") = "RssFeedReader.Api", "RssFeedReader.Api\RssFeedReader.Api.csproj", "{D2AA2ACF-E4F1-40EB-B2BA-1699C6659A70}"
EndProject
Project("{FAE04EC0-301F-11D3-BF4B-00C04F79EFBC}") = "RssFeedFilter.Api", "RssFeedFilter.Api\RssFeedFilter.Api.csproj", "{3E5D06CF-3229-47D4-8DEE-F95632A140FE}"
EndProject
Project("{FAE04EC0-301F-11D3-BF4B-00C04F79EFBC}") = "RssFeedEmailSender.Api", "RssFeedEmailSender.Api\RssFeedEmailSender.Api.csproj", "{4EA75C75-6610-4A9D-9570-70B2F44C15EB}"
EndProject
Project("{FAE04EC0-301F-11D3-BF4B-00C04F79EFBC}") = "RssFeedSchedule.Api", "RssFeedSchedule.Api\RssFeedSchedule.Api.csproj", "{C402D939-4C39-4ED9-AEC3-5EE958A4D0FE}"
EndProject
Global
	GlobalSection(SolutionConfigurationPlatforms) = preSolution
		Debug|Any CPU = Debug|Any CPU
		Release|Any CPU = Release|Any CPU
	EndGlobalSection
	GlobalSection(ProjectConfigurationPlatforms) = postSolution
		{D2AA2ACF-E4F1-40EB-B2BA-1699C6659A70}.Debug|Any CPU.ActiveCfg = Debug|Any CPU
		{D2AA2ACF-E4F1-40EB-B2BA-1699C6659A70}.Debug|Any CPU.Build.0 = Debug|Any CPU
		{D2AA2ACF-E4F1-40EB-B2BA-1699C6659A70}.Release|Any CPU.ActiveCfg = Release|Any CPU
		{D2AA2ACF-E4F1-40EB-B2BA-1699C6659A70}.Release|Any CPU.Build.0 = Release|Any CPU
		{3E5D06CF-3229-47D4-8DEE-F95632A140FE}.Debug|Any CPU.ActiveCfg = Debug|Any CPU
		{3E5D06CF-3229-47D4-8DEE-F95632A140FE}.Debug|Any CPU.Build.0 = Debug|Any CPU
		{3E5D06CF-3229-47D4-8DEE-F95632A140FE}.Release|Any CPU.ActiveCfg = Release|Any CPU
		{3E5D06CF-3229-47D4-8DEE-F95632A140FE}.Release|Any CPU.Build.0 = Release|Any CPU
		{4EA75C75-6610-4A9D-9570-70B2F44C15EB}.Debug|Any CPU.ActiveCfg = Debug|Any CPU
		{4EA75C75-6610-4A9D-9570-70B2F44C15EB}.Debug|Any CPU.Build.0 = Debug|Any CPU
		{4EA75C75-6610-4A9D-9570-70B2F44C15EB}.Release|Any CPU.ActiveCfg = Release|Any CPU
		{4EA75C75-6610-4A9D-9570-70B2F44C15EB}.Release|Any CPU.Build.0 = Release|Any CPU
		{C402D939-4C39-4ED9-AEC3-5EE958A4D0FE}.Debug|Any CPU.ActiveCfg = Debug|Any CPU
		{C402D939-4C39-4ED9-AEC3-5EE958A4D0FE}.Debug|Any CPU.Build.0 = Debug|Any CPU
		{C402D939-4C39-4ED9-AEC3-5EE958A4D0FE}.Release|Any CPU.ActiveCfg = Release|Any CPU
		{C402D939-4C39-4ED9-AEC3-5EE958A4D0FE}.Release|Any CPU.Build.0 = Release|Any CPU
	EndGlobalSection
	GlobalSection(SolutionProperties) = preSolution
		HideSolutionNode = FALSE
	EndGlobalSection
	GlobalSection(ExtensibilityGlobals) = postSolution
		SolutionGuid = {ECDA963F-DE17-4FA4-9BD2-A07C8A0B6321}
	EndGlobalSection
EndGlobal
